
Microsoft Visual Studio Solution File, Format Version 12.00
# Visual Studio Version 17
VisualStudioVersion = 17.5.33627.172
MinimumVisualStudioVersion = 10.0.40219.1
Project("{FAE04EC0-301F-11D3-BF4B-00C04F79EFBC}") = "FizzBuzz", "FizzBuzz\FizzBuzz.csproj", "{2E1A82E7-BF02-4734-A6B8-13BAD9607D12}"
EndProject
Project("{FAE04EC0-301F-11D3-BF4B-00C04F79EFBC}") = "FizzBuzzTest", "FizzBuzzTest\FizzBuzzTest.csproj", "{FB3EE80C-01CC-4AB5-8179-D39F79488C28}"
EndProject
Global
	GlobalSection(SolutionConfigurationPlatforms) = preSolution
		Debug|Any CPU = Debug|Any CPU
		Release|Any CPU = Release|Any CPU
	EndGlobalSection
	GlobalSection(ProjectConfigurationPlatforms) = postSolution
		{2E1A82E7-BF02-4734-A6B8-13BAD9607D12}.Debug|Any CPU.ActiveCfg = Debug|Any CPU
		{2E1A82E7-BF02-4734-A6B8-13BAD9607D12}.Debug|Any CPU.Build.0 = Debug|Any CPU
		{2E1A82E7-BF02-4734-A6B8-13BAD9607D12}.Release|Any CPU.ActiveCfg = Release|Any CPU
		{2E1A82E7-BF02-4734-A6B8-13BAD9607D12}.Release|Any CPU.Build.0 = Release|Any CPU
		{FB3EE80C-01CC-4AB5-8179-D39F79488C28}.Debug|Any CPU.ActiveCfg = Debug|Any CPU
		{FB3EE80C-01CC-4AB5-8179-D39F79488C28}.Debug|Any CPU.Build.0 = Debug|Any CPU
		{FB3EE80C-01CC-4AB5-8179-D39F79488C28}.Release|Any CPU.ActiveCfg = Release|Any CPU
		{FB3EE80C-01CC-4AB5-8179-D39F79488C28}.Release|Any CPU.Build.0 = Release|Any CPU
	EndGlobalSection
	GlobalSection(SolutionProperties) = preSolution
		HideSolutionNode = FALSE
	EndGlobalSection
	GlobalSection(ExtensibilityGlobals) = postSolution
		SolutionGuid = {208DAB58-C9BB-43F0-ADDF-03A5B9A864C0}
	EndGlobalSection
EndGlobal
